
Microsoft Visual Studio Solution File, Format Version 12.00
# Visual Studio Version 17
VisualStudioVersion = 17.13.35931.197 d17.13
MinimumVisualStudioVersion = 10.0.40219.1
Project("{FAE04EC0-301F-11D3-BF4B-00C04F79EFBC}") = "ControleDeChamados.ConsoleApp", "ControleDeChamados.ConsoleApp\ControleDeChamados.ConsoleApp.csproj", "{C0AEE6AC-EA31-4529-B779-F8FDB0716506}"
EndProject
Global
	GlobalSection(SolutionConfigurationPlatforms) = preSolution
		Debug|Any CPU = Debug|Any CPU
		Release|Any CPU = Release|Any CPU
	EndGlobalSection
	GlobalSection(ProjectConfigurationPlatforms) = postSolution
		{C0AEE6AC-EA31-4529-B779-F8FDB0716506}.Debug|Any CPU.ActiveCfg = Debug|Any CPU
		{C0AEE6AC-EA31-4529-B779-F8FDB0716506}.Debug|Any CPU.Build.0 = Debug|Any CPU
		{C0AEE6AC-EA31-4529-B779-F8FDB0716506}.Release|Any CPU.ActiveCfg = Release|Any CPU
		{C0AEE6AC-EA31-4529-B779-F8FDB0716506}.Release|Any CPU.Build.0 = Release|Any CPU
	EndGlobalSection
	GlobalSection(SolutionProperties) = preSolution
		HideSolutionNode = FALSE
	EndGlobalSection
	GlobalSection(ExtensibilityGlobals) = postSolution
		SolutionGuid = {507077F2-5B6A-4D00-9C48-F95EE9A6FCFE}
	EndGlobalSection
EndGlobal
